
Microsoft Visual Studio Solution File, Format Version 12.00
# Visual Studio 15
VisualStudioVersion = 15.0.28307.168
MinimumVisualStudioVersion = 10.0.40219.1
Project("{FAE04EC0-301F-11D3-BF4B-00C04F79EFBC}") = "C0725030", "C0725030\C0725030.csproj", "{5A342F9E-6C7B-414F-8575-C53268D06F51}"
EndProject
Global
	GlobalSection(SolutionConfigurationPlatforms) = preSolution
		Debug|Any CPU = Debug|Any CPU
		Release|Any CPU = Release|Any CPU
	EndGlobalSection
	GlobalSection(ProjectConfigurationPlatforms) = postSolution
		{5A342F9E-6C7B-414F-8575-C53268D06F51}.Debug|Any CPU.ActiveCfg = Debug|Any CPU
		{5A342F9E-6C7B-414F-8575-C53268D06F51}.Debug|Any CPU.Build.0 = Debug|Any CPU
		{5A342F9E-6C7B-414F-8575-C53268D06F51}.Release|Any CPU.ActiveCfg = Release|Any CPU
		{5A342F9E-6C7B-414F-8575-C53268D06F51}.Release|Any CPU.Build.0 = Release|Any CPU
	EndGlobalSection
	GlobalSection(SolutionProperties) = preSolution
		HideSolutionNode = FALSE
	EndGlobalSection
	GlobalSection(ExtensibilityGlobals) = postSolution
		SolutionGuid = {763AFA64-E4F3-4688-81FF-C9B0D03BD7FB}
	EndGlobalSection
EndGlobal
